
Microsoft Visual Studio Solution File, Format Version 12.00
# Visual Studio Version 16
VisualStudioVersion = 16.0.30611.23
MinimumVisualStudioVersion = 10.0.40219.1
Project("{FAE04EC0-301F-11D3-BF4B-00C04F79EFBC}") = "Coordinate project", "Coordinate project\Coordinate project.csproj", "{76513328-FADE-4AD5-A4BC-4A3E59D34B93}"
EndProject
Global
	GlobalSection(SolutionConfigurationPlatforms) = preSolution
		Debug|Any CPU = Debug|Any CPU
		Release|Any CPU = Release|Any CPU
	EndGlobalSection
	GlobalSection(ProjectConfigurationPlatforms) = postSolution
		{76513328-FADE-4AD5-A4BC-4A3E59D34B93}.Debug|Any CPU.ActiveCfg = Debug|Any CPU
		{76513328-FADE-4AD5-A4BC-4A3E59D34B93}.Debug|Any CPU.Build.0 = Debug|Any CPU
		{76513328-FADE-4AD5-A4BC-4A3E59D34B93}.Release|Any CPU.ActiveCfg = Release|Any CPU
		{76513328-FADE-4AD5-A4BC-4A3E59D34B93}.Release|Any CPU.Build.0 = Release|Any CPU
	EndGlobalSection
	GlobalSection(SolutionProperties) = preSolution
		HideSolutionNode = FALSE
	EndGlobalSection
	GlobalSection(ExtensibilityGlobals) = postSolution
		SolutionGuid = {3839308A-60D0-4FA6-8B56-1C277EA77216}
	EndGlobalSection
EndGlobal
